// !$*UTF8*$!
{
	archiveVersion = 1;
	classes = {
	};
	objectVersion = 50;
	objects = {

/* Begin PBXBuildFile section */
		F0C7513220EB3EFF0088D34F /* AppDelegate.swift in Sources */ = {isa = PBXBuildFile; fileRef = F0C7513120EB3EFF0088D34F /* AppDelegate.swift */; };
		F0C7513D20EB3F000088D34F /* Assets.xcassets in Resources */ = {isa = PBXBuildFile; fileRef = F0C7513C20EB3F000088D34F /* Assets.xcassets */; };
		F0C7514020EB3F000088D34F /* LaunchScreen.storyboard in Resources */ = {isa = PBXBuildFile; fileRef = F0C7513E20EB3F000088D34F /* LaunchScreen.storyboard */; };
		F0C7514A20EB3F620088D34F /* Document.swift in Sources */ = {isa = PBXBuildFile; fileRef = F0C7514720EB3F620088D34F /* Document.swift */; };
		F0C7514B20EB3F620088D34F /* DocumentBrowserViewController.swift in Sources */ = {isa = PBXBuildFile; fileRef = F0C7514820EB3F620088D34F /* DocumentBrowserViewController.swift */; };
		F0C7514C20EB3F620088D34F /* DocumentViewController.swift in Sources */ = {isa = PBXBuildFile; fileRef = F0C7514920EB3F620088D34F /* DocumentViewController.swift */; };
		F0C7514F20EB3F6C0088D34F /* PlayerView.swift in Sources */ = {isa = PBXBuildFile; fileRef = F0C7514D20EB3F6C0088D34F /* PlayerView.swift */; };
		F0C7515020EB3F6C0088D34F /* SegmentView.swift in Sources */ = {isa = PBXBuildFile; fileRef = F0C7514E20EB3F6C0088D34F /* SegmentView.swift */; };
		F0C7515220EB3FAA0088D34F /* Main.storyboard in Resources */ = {isa = PBXBuildFile; fileRef = F0C7515120EB3FAA0088D34F /* Main.storyboard */; };
/* End PBXBuildFile section */

/* Begin PBXFileReference section */
		F0C7512E20EB3EFF0088D34F /* OneCut.app */ = {isa = PBXFileReference; explicitFileType = wrapper.application; includeInIndex = 0; path = OneCut.app; sourceTree = BUILT_PRODUCTS_DIR; };
		F0C7513120EB3EFF0088D34F /* AppDelegate.swift */ = {isa = PBXFileReference; lastKnownFileType = sourcecode.swift; path = AppDelegate.swift; sourceTree = "<group>"; };
		F0C7513C20EB3F000088D34F /* Assets.xcassets */ = {isa = PBXFileReference; lastKnownFileType = folder.assetcatalog; path = Assets.xcassets; sourceTree = "<group>"; };
		F0C7513F20EB3F000088D34F /* Base */ = {isa = PBXFileReference; lastKnownFileType = file.storyboard; name = Base; path = Base.lproj/LaunchScreen.storyboard; sourceTree = "<group>"; };
		F0C7514120EB3F000088D34F /* Info.plist */ = {isa = PBXFileReference; lastKnownFileType = text.plist.xml; path = Info.plist; sourceTree = "<group>"; };
		F0C7514720EB3F620088D34F /* Document.swift */ = {isa = PBXFileReference; fileEncoding = 4; lastKnownFileType = sourcecode.swift; path = Document.swift; sourceTree = "<group>"; };
		F0C7514820EB3F620088D34F /* DocumentBrowserViewController.swift */ = {isa = PBXFileReference; fileEncoding = 4; lastKnownFileType = sourcecode.swift; path = DocumentBrowserViewController.swift; sourceTree = "<group>"; };
		F0C7514920EB3F620088D34F /* DocumentViewController.swift */ = {isa = PBXFileReference; fileEncoding = 4; lastKnownFileType = sourcecode.swift; path = DocumentViewController.swift; sourceTree = "<group>"; };
		F0C7514D20EB3F6C0088D34F /* PlayerView.swift */ = {isa = PBXFileReference; fileEncoding = 4; lastKnownFileType = sourcecode.swift; path = PlayerView.swift; sourceTree = "<group>"; };
		F0C7514E20EB3F6C0088D34F /* SegmentView.swift */ = {isa = PBXFileReference; fileEncoding = 4; lastKnownFileType = sourcecode.swift; path = SegmentView.swift; sourceTree = "<group>"; };
		F0C7515120EB3FAA0088D34F /* Main.storyboard */ = {isa = PBXFileReference; fileEncoding = 4; lastKnownFileType = file.storyboard; path = Main.storyboard; sourceTree = "<group>"; };
/* End PBXFileReference section */

/* Begin PBXFrameworksBuildPhase section */
		F0C7512B20EB3EFF0088D34F /* Frameworks */ = {
			isa = PBXFrameworksBuildPhase;
			buildActionMask = 2147483647;
			files = (
			);
			runOnlyForDeploymentPostprocessing = 0;
		};
/* End PBXFrameworksBuildPhase section */

/* Begin PBXGroup section */
		F0C7512520EB3EFF0088D34F = {
			isa = PBXGroup;
			children = (
				F0C7513020EB3EFF0088D34F /* OneCut */,
				F0C7512F20EB3EFF0088D34F /* Products */,
			);
			sourceTree = "<group>";
		};
		F0C7512F20EB3EFF0088D34F /* Products */ = {
			isa = PBXGroup;
			children = (
				F0C7512E20EB3EFF0088D34F /* OneCut.app */,
			);
			name = Products;
			sourceTree = "<group>";
		};
		F0C7513020EB3EFF0088D34F /* OneCut */ = {
			isa = PBXGroup;
			children = (
				F0C7515320EB44340088D34F /* Supporting Files */,
				F0C7514820EB3F620088D34F /* DocumentBrowserViewController.swift */,
				F0C7514720EB3F620088D34F /* Document.swift */,
				F0C7514920EB3F620088D34F /* DocumentViewController.swift */,
				F0C7514D20EB3F6C0088D34F /* PlayerView.swift */,
				F0C7514E20EB3F6C0088D34F /* SegmentView.swift */,
				F0C7515120EB3FAA0088D34F /* Main.storyboard */,
				F0C7514120EB3F000088D34F /* Info.plist */,
			);
			path = OneCut;
			sourceTree = "<group>";
		};
		F0C7515320EB44340088D34F /* Supporting Files */ = {
			isa = PBXGroup;
			children = (
				F0C7513120EB3EFF0088D34F /* AppDelegate.swift */,
				F0C7513C20EB3F000088D34F /* Assets.xcassets */,
				F0C7513E20EB3F000088D34F /* LaunchScreen.storyboard */,
			);
			path = "Supporting Files";
			sourceTree = "<group>";
		};
/* End PBXGroup section */

/* Begin PBXNativeTarget section */
		F0C7512D20EB3EFF0088D34F /* OneCut */ = {
			isa = PBXNativeTarget;
			buildConfigurationList = F0C7514420EB3F000088D34F /* Build configuration list for PBXNativeTarget "OneCut" */;
			buildPhases = (
				F0C7512A20EB3EFF0088D34F /* Sources */,
				F0C7512B20EB3EFF0088D34F /* Frameworks */,
				F0C7512C20EB3EFF0088D34F /* Resources */,
			);
			buildRules = (
			);
			dependencies = (
			);
			name = OneCut;
			productName = OneCut;
			productReference = F0C7512E20EB3EFF0088D34F /* OneCut.app */;
			productType = "com.apple.product-type.application";
		};
/* End PBXNativeTarget section */

/* Begin PBXProject section */
		F0C7512620EB3EFF0088D34F /* Project object */ = {
			isa = PBXProject;
			attributes = {
				LastSwiftUpdateCheck = 0940;
				LastUpgradeCheck = 0940;
				ORGANIZATIONNAME = zpc;
				TargetAttributes = {
					F0C7512D20EB3EFF0088D34F = {
						CreatedOnToolsVersion = 9.4;
					};
				};
			};
			buildConfigurationList = F0C7512920EB3EFF0088D34F /* Build configuration list for PBXProject "OneCut" */;
			compatibilityVersion = "Xcode 9.3";
			developmentRegion = en;
			hasScannedForEncodings = 0;
			knownRegions = (
				en,
				Base,
			);
			mainGroup = F0C7512520EB3EFF0088D34F;
			productRefGroup = F0C7512F20EB3EFF0088D34F /* Products */;
			projectDirPath = "";
			projectRoot = "";
			targets = (
				F0C7512D20EB3EFF0088D34F /* OneCut */,
			);
		};
/* End PBXProject section */

/* Begin PBXResourcesBuildPhase section */
		F0C7512C20EB3EFF0088D34F /* Resources */ = {
			isa = PBXResourcesBuildPhase;
			buildActionMask = 2147483647;
			files = (
				F0C7515220EB3FAA0088D34F /* Main.storyboard in Resources */,
				F0C7514020EB3F000088D34F /* LaunchScreen.storyboard in Resources */,
				F0C7513D20EB3F000088D34F /* Assets.xcassets in Resources */,
			);
			runOnlyForDeploymentPostprocessing = 0;
		};
/* End PBXResourcesBuildPhase section */

/* Begin PBXSourcesBuildPhase section */
		F0C7512A20EB3EFF0088D34F /* Sources */ = {
			isa = PBXSourcesBuildPhase;
			buildActionMask = 2147483647;
			files = (
				F0C7514A20EB3F620088D34F /* Document.swift in Sources */,
				F0C7514C20EB3F620088D34F /* DocumentViewController.swift in Sources */,
				F0C7514B20EB3F620088D34F /* DocumentBrowserViewController.swift in Sources */,
				F0C7514F20EB3F6C0088D34F /* PlayerView.swift in Sources */,
				F0C7515020EB3F6C0088D34F /* SegmentView.swift in Sources */,
				F0C7513220EB3EFF0088D34F /* AppDelegate.swift in Sources */,
			);
			runOnlyForDeploymentPostprocessing = 0;
		};
/* End PBXSourcesBuildPhase section */

/* Begin PBXVariantGroup section */
		F0C7513E20EB3F000088D34F /* LaunchScreen.storyboard */ = {
			isa = PBXVariantGroup;
			children = (
				F0C7513F20EB3F000088D34F /* Base */,
			);
			name = LaunchScreen.storyboard;
			sourceTree = "<group>";
		};
/* End PBXVariantGroup section */

/* Begin XCBuildConfiguration section */
		F0C7514220EB3F000088D34F /* Debug */ = {
			isa = XCBuildConfiguration;
			buildSettings = {
				ALWAYS_SEARCH_USER_PATHS = NO;
				CLANG_ANALYZER_NONNULL = YES;
				CLANG_ANALYZER_NUMBER_OBJECT_CONVERSION = YES_AGGRESSIVE;
				CLANG_CXX_LANGUAGE_STANDARD = "gnu++14";
				CLANG_CXX_LIBRARY = "libc++";
				CLANG_ENABLE_MODULES = YES;
				CLANG_ENABLE_OBJC_ARC = YES;
				CLANG_ENABLE_OBJC_WEAK = YES;
				CLANG_WARN_BLOCK_CAPTURE_AUTORELEASING = YES;
				CLANG_WARN_BOOL_CONVERSION = YES;
				CLANG_WARN_COMMA = YES;
				CLANG_WARN_CONSTANT_CONVERSION = YES;
				CLANG_WARN_DEPRECATED_OBJC_IMPLEMENTATIONS = YES;
				CLANG_WARN_DIRECT_OBJC_ISA_USAGE = YES_ERROR;
				CLANG_WARN_DOCUMENTATION_COMMENTS = YES;
				CLANG_WARN_EMPTY_BODY = YES;
				CLANG_WARN_ENUM_CONVERSION = YES;
				CLANG_WARN_INFINITE_RECURSION = YES;
				CLANG_WARN_INT_CONVERSION = YES;
				CLANG_WARN_NON_LITERAL_NULL_CONVERSION = YES;
				CLANG_WARN_OBJC_IMPLICIT_RETAIN_SELF = YES;
				CLANG_WARN_OBJC_LITERAL_CONVERSION = YES;
				CLANG_WARN_OBJC_ROOT_CLASS = YES_ERROR;
				CLANG_WARN_RANGE_LOOP_ANALYSIS = YES;
				CLANG_WARN_STRICT_PROTOTYPES = YES;
				CLANG_WARN_SUSPICIOUS_MOVE = YES;
				CLANG_WARN_UNGUARDED_AVAILABILITY = YES_AGGRESSIVE;
				CLANG_WARN_UNREACHABLE_CODE = YES;
				CLANG_WARN__DUPLICATE_METHOD_MATCH = YES;
				CODE_SIGN_IDENTITY = "iPhone Developer";
				COPY_PHASE_STRIP = NO;
				DEBUG_INFORMATION_FORMAT = dwarf;
				ENABLE_STRICT_OBJC_MSGSEND = YES;
				ENABLE_TESTABILITY = YES;
				GCC_C_LANGUAGE_STANDARD = gnu11;
				GCC_DYNAMIC_NO_PIC = NO;
				GCC_NO_COMMON_BLOCKS = YES;
				GCC_OPTIMIZATION_LEVEL = 0;
				GCC_PREPROCESSOR_DEFINITIONS = (
					"DEBUG=1",
					"$(inherited)",
				);
				GCC_WARN_64_TO_32_BIT_CONVERSION = YES;
				GCC_WARN_ABOUT_RETURN_TYPE = YES_ERROR;
				GCC_WARN_UNDECLARED_SELECTOR = YES;
				GCC_WARN_UNINITIALIZED_AUTOS = YES_AGGRESSIVE;
				GCC_WARN_UNUSED_FUNCTION = YES;
				GCC_WARN_UNUSED_VARIABLE = YES;
				IPHONEOS_DEPLOYMENT_TARGET = 11.4;
				MTL_ENABLE_DEBUG_INFO = YES;
				ONLY_ACTIVE_ARCH = YES;
				SDKROOT = iphoneos;
				SWIFT_ACTIVE_COMPILATION_CONDITIONS = DEBUG;
				SWIFT_OPTIMIZATION_LEVEL = "-Onone";
			};
			name = Debug;
		};
		F0C7514320EB3F000088D34F /* Release */ = {
			isa = XCBuildConfiguration;
			buildSettings = {
				ALWAYS_SEARCH_USER_PATHS = NO;
				CLANG_ANALYZER_NONNULL = YES;
				CLANG_ANALYZER_NUMBER_OBJECT_CONVERSION = YES_AGGRESSIVE;
				CLANG_CXX_LANGUAGE_STANDARD = "gnu++14";
				CLANG_CXX_LIBRARY = "libc++";
				CLANG_ENABLE_MODULES = YES;
				CLANG_ENABLE_OBJC_ARC = YES;
				CLANG_ENABLE_OBJC_WEAK = YES;
				CLANG_WARN_BLOCK_CAPTURE_AUTORELEASING = YES;
				CLANG_WARN_BOOL_CONVERSION = YES;
				CLANG_WARN_COMMA = YES;
				CLANG_WARN_CONSTANT_CONVERSION = YES;
				CLANG_WARN_DEPRECATED_OBJC_IMPLEMENTATIONS = YES;
				CLANG_WARN_DIRECT_OBJC_ISA_USAGE = YES_ERROR;
				CLANG_WARN_DOCUMENTATION_COMMENTS = YES;
				CLANG_WARN_EMPTY_BODY = YES;
				CLANG_WARN_ENUM_CONVERSION = YES;
				CLANG_WARN_INFINITE_RECURSION = YES;
				CLANG_WARN_INT_CONVERSION = YES;
				CLANG_WARN_NON_LITERAL_NULL_CONVERSION = YES;
				CLANG_WARN_OBJC_IMPLICIT_RETAIN_SELF = YES;
				CLANG_WARN_OBJC_LITERAL_CONVERSION = YES;
				CLANG_WARN_OBJC_ROOT_CLASS = YES_ERROR;
				CLANG_WARN_RANGE_LOOP_ANALYSIS = YES;
				CLANG_WARN_STRICT_PROTOTYPES = YES;
				CLANG_WARN_SUSPICIOUS_MOVE = YES;
				CLANG_WARN_UNGUARDED_AVAILABILITY = YES_AGGRESSIVE;
				CLANG_WARN_UNREACHABLE_CODE = YES;
				CLANG_WARN__DUPLICATE_METHOD_MATCH = YES;
				CODE_SIGN_IDENTITY = "iPhone Developer";
				COPY_PHASE_STRIP = NO;
				DEBUG_INFORMATION_FORMAT = "dwarf-with-dsym";
				ENABLE_NS_ASSERTIONS = NO;
				ENABLE_STRICT_OBJC_MSGSEND = YES;
				GCC_C_LANGUAGE_STANDARD = gnu11;
				GCC_NO_COMMON_BLOCKS = YES;
				GCC_WARN_64_TO_32_BIT_CONVERSION = YES;
				GCC_WARN_ABOUT_RETURN_TYPE = YES_ERROR;
				GCC_WARN_UNDECLARED_SELECTOR = YES;
				GCC_WARN_UNINITIALIZED_AUTOS = YES_AGGRESSIVE;
				GCC_WARN_UNUSED_FUNCTION = YES;
				GCC_WARN_UNUSED_VARIABLE = YES;
				IPHONEOS_DEPLOYMENT_TARGET = 11.4;
				MTL_ENABLE_DEBUG_INFO = NO;
				SDKROOT = iphoneos;
				SWIFT_COMPILATION_MODE = wholemodule;
				SWIFT_OPTIMIZATION_LEVEL = "-O";
				VALIDATE_PRODUCT = YES;
			};
			name = Release;
		};
		F0C7514520EB3F000088D34F /* Debug */ = {
			isa = XCBuildConfiguration;
			buildSettings = {
				ASSETCATALOG_COMPILER_APPICON_NAME = AppIcon;
				CODE_SIGN_STYLE = Automatic;
				DEVELOPMENT_TEAM = 5K87F3JL7S;
				INFOPLIST_FILE = OneCut/Info.plist;
				LD_RUNPATH_SEARCH_PATHS = (
					"$(inherited)",
					"@executable_path/Frameworks",
				);
				PRODUCT_BUNDLE_IDENTIFIER = zpc.OneCut;
				PRODUCT_NAME = "$(TARGET_NAME)";
				SWIFT_VERSION = 4.0;
				TARGETED_DEVICE_FAMILY = "1,2";
			};
			name = Debug;
		};
		F0C7514620EB3F000088D34F /* Release */ = {
			isa = XCBuildConfiguration;
			buildSettings = {
				ASSETCATALOG_COMPILER_APPICON_NAME = AppIcon;
				CODE_SIGN_STYLE = Automatic;
				DEVELOPMENT_TEAM = 5K87F3JL7S;
				INFOPLIST_FILE = OneCut/Info.plist;
				LD_RUNPATH_SEARCH_PATHS = (
					"$(inherited)",
					"@executable_path/Frameworks",
				);
				PRODUCT_BUNDLE_IDENTIFIER = zpc.OneCut;
				PRODUCT_NAME = "$(TARGET_NAME)";
				SWIFT_VERSION = 4.0;
				TARGETED_DEVICE_FAMILY = "1,2";
			};
			name = Release;
		};
/* End XCBuildConfiguration section */

/* Begin XCConfigurationList section */
		F0C7512920EB3EFF0088D34F /* Build configuration list for PBXProject "OneCut" */ = {
			isa = XCConfigurationList;
			buildConfigurations = (
				F0C7514220EB3F000088D34F /* Debug */,
				F0C7514320EB3F000088D34F /* Release */,
			);
			defaultConfigurationIsVisible = 0;
			defaultConfigurationName = Release;
		};
		F0C7514420EB3F000088D34F /* Build configuration list for PBXNativeTarget "OneCut" */ = {
			isa = XCConfigurationList;
			buildConfigurations = (
				F0C7514520EB3F000088D34F /* Debug */,
				F0C7514620EB3F000088D34F /* Release */,
			);
			defaultConfigurationIsVisible = 0;
			defaultConfigurationName = Release;
		};
/* End XCConfigurationList section */
	};
	rootObject = F0C7512620EB3EFF0088D34F /* Project object */;
}
